
Microsoft Visual Studio Solution File, Format Version 12.00
# Visual Studio Version 16
VisualStudioVersion = 16.0.30204.135
MinimumVisualStudioVersion = 10.0.40219.1
Project("{FAE04EC0-301F-11D3-BF4B-00C04F79EFBC}") = "Amazon.Purchases", "Amazon.Purchases.csproj", "{EC6A2E16-D0FE-4E77-9B81-9FDC5C208017}"
EndProject
Global
	GlobalSection(SolutionConfigurationPlatforms) = preSolution
		Debug|Any CPU = Debug|Any CPU
		Release|Any CPU = Release|Any CPU
	EndGlobalSection
	GlobalSection(ProjectConfigurationPlatforms) = postSolution
		{EC6A2E16-D0FE-4E77-9B81-9FDC5C208017}.Debug|Any CPU.ActiveCfg = Debug|Any CPU
		{EC6A2E16-D0FE-4E77-9B81-9FDC5C208017}.Debug|Any CPU.Build.0 = Debug|Any CPU
		{EC6A2E16-D0FE-4E77-9B81-9FDC5C208017}.Release|Any CPU.ActiveCfg = Release|Any CPU
		{EC6A2E16-D0FE-4E77-9B81-9FDC5C208017}.Release|Any CPU.Build.0 = Release|Any CPU
	EndGlobalSection
	GlobalSection(SolutionProperties) = preSolution
		HideSolutionNode = FALSE
	EndGlobalSection
	GlobalSection(ExtensibilityGlobals) = postSolution
		SolutionGuid = {FD046B40-CB5E-46AE-BA58-159024C2D786}
	EndGlobalSection
EndGlobal
